// !$*UTF8*$!
{
	archiveVersion = 1;
	classes = {
	};
	objectVersion = 46;
	objects = {

/* Begin PBXBuildFile section */
		4E105C461B2BE0DB00CE8C00 /* RgbImage.cpp in Sources */ = {isa = PBXBuildFile; fileRef = 4E105C441B2BE0DB00CE8C00 /* RgbImage.cpp */; };
		6542B68C1B2B471200D12CAE /* main.cpp in Sources */ = {isa = PBXBuildFile; fileRef = 6542B68B1B2B471200D12CAE /* main.cpp */; settings = {COMPILER_FLAGS = "-w"; }; };
		6542B6941B2B4B3700D12CAE /* GLUT.framework in Frameworks */ = {isa = PBXBuildFile; fileRef = 6542B6921B2B4B3700D12CAE /* GLUT.framework */; };
		6542B6951B2B4B3700D12CAE /* OpenGL.framework in Frameworks */ = {isa = PBXBuildFile; fileRef = 6542B6931B2B4B3700D12CAE /* OpenGL.framework */; };
/* End PBXBuildFile section */

/* Begin PBXCopyFilesBuildPhase section */
		6542B6861B2B471100D12CAE /* CopyFiles */ = {
			isa = PBXCopyFilesBuildPhase;
			buildActionMask = 2147483647;
			dstPath = /usr/share/man/man1/;
			dstSubfolderSpec = 0;
			files = (
			);
			runOnlyForDeploymentPostprocessing = 1;
		};
/* End PBXCopyFilesBuildPhase section */

/* Begin PBXFileReference section */
		4E105C441B2BE0DB00CE8C00 /* RgbImage.cpp */ = {isa = PBXFileReference; fileEncoding = 4; lastKnownFileType = sourcecode.cpp.cpp; path = RgbImage.cpp; sourceTree = "<group>"; };
		4E105C451B2BE0DB00CE8C00 /* RgbImage.h */ = {isa = PBXFileReference; fileEncoding = 4; lastKnownFileType = sourcecode.c.h; path = RgbImage.h; sourceTree = "<group>"; };
		6542B6881B2B471200D12CAE /* CG_PROJ_FINAL */ = {isa = PBXFileReference; explicitFileType = "compiled.mach-o.executable"; includeInIndex = 0; path = CG_PROJ_FINAL; sourceTree = BUILT_PRODUCTS_DIR; };
		6542B68B1B2B471200D12CAE /* main.cpp */ = {isa = PBXFileReference; lastKnownFileType = sourcecode.cpp.cpp; path = main.cpp; sourceTree = "<group>"; };
		6542B6921B2B4B3700D12CAE /* GLUT.framework */ = {isa = PBXFileReference; lastKnownFileType = wrapper.framework; name = GLUT.framework; path = System/Library/Frameworks/GLUT.framework; sourceTree = SDKROOT; };
		6542B6931B2B4B3700D12CAE /* OpenGL.framework */ = {isa = PBXFileReference; lastKnownFileType = wrapper.framework; name = OpenGL.framework; path = System/Library/Frameworks/OpenGL.framework; sourceTree = SDKROOT; };
/* End PBXFileReference section */

/* Begin PBXFrameworksBuildPhase section */
		6542B6851B2B471100D12CAE /* Frameworks */ = {
			isa = PBXFrameworksBuildPhase;
			buildActionMask = 2147483647;
			files = (
				6542B6941B2B4B3700D12CAE /* GLUT.framework in Frameworks */,
				6542B6951B2B4B3700D12CAE /* OpenGL.framework in Frameworks */,
			);
			runOnlyForDeploymentPostprocessing = 0;
		};
/* End PBXFrameworksBuildPhase section */

/* Begin PBXGroup section */
		6542B67F1B2B471100D12CAE = {
			isa = PBXGroup;
			children = (
				6542B6921B2B4B3700D12CAE /* GLUT.framework */,
				6542B6931B2B4B3700D12CAE /* OpenGL.framework */,
				6542B68A1B2B471200D12CAE /* CG_PROJ_FINAL */,
				6542B6891B2B471200D12CAE /* Products */,
			);
			sourceTree = "<group>";
		};
		6542B6891B2B471200D12CAE /* Products */ = {
			isa = PBXGroup;
			children = (
				6542B6881B2B471200D12CAE /* CG_PROJ_FINAL */,
			);
			name = Products;
			sourceTree = "<group>";
		};
		6542B68A1B2B471200D12CAE /* CG_PROJ_FINAL */ = {
			isa = PBXGroup;
			children = (
				6542B68B1B2B471200D12CAE /* main.cpp */,
				4E105C441B2BE0DB00CE8C00 /* RgbImage.cpp */,
				4E105C451B2BE0DB00CE8C00 /* RgbImage.h */,
			);
			path = CG_PROJ_FINAL;
			sourceTree = "<group>";
		};
/* End PBXGroup section */

/* Begin PBXNativeTarget section */
		6542B6871B2B471100D12CAE /* CG_PROJ_FINAL */ = {
			isa = PBXNativeTarget;
			buildConfigurationList = 6542B68F1B2B471200D12CAE /* Build configuration list for PBXNativeTarget "CG_PROJ_FINAL" */;
			buildPhases = (
				6542B6841B2B471100D12CAE /* Sources */,
				6542B6851B2B471100D12CAE /* Frameworks */,
				6542B6861B2B471100D12CAE /* CopyFiles */,
			);
			buildRules = (
			);
			dependencies = (
			);
			name = CG_PROJ_FINAL;
			productName = CG_PROJ_FINAL;
			productReference = 6542B6881B2B471200D12CAE /* CG_PROJ_FINAL */;
			productType = "com.apple.product-type.tool";
		};
/* End PBXNativeTarget section */

/* Begin PBXProject section */
		6542B6801B2B471100D12CAE /* Project object */ = {
			isa = PBXProject;
			attributes = {
				LastUpgradeCheck = 0630;
				ORGANIZATIONNAME = "Andre Figueiredo";
				TargetAttributes = {
					6542B6871B2B471100D12CAE = {
						CreatedOnToolsVersion = 6.3.2;
					};
				};
			};
			buildConfigurationList = 6542B6831B2B471100D12CAE /* Build configuration list for PBXProject "CG_PROJ_FINAL" */;
			compatibilityVersion = "Xcode 3.2";
			developmentRegion = English;
			hasScannedForEncodings = 0;
			knownRegions = (
				en,
			);
			mainGroup = 6542B67F1B2B471100D12CAE;
			productRefGroup = 6542B6891B2B471200D12CAE /* Products */;
			projectDirPath = "";
			projectRoot = "";
			targets = (
				6542B6871B2B471100D12CAE /* CG_PROJ_FINAL */,
			);
		};
/* End PBXProject section */

/* Begin PBXSourcesBuildPhase section */
		6542B6841B2B471100D12CAE /* Sources */ = {
			isa = PBXSourcesBuildPhase;
			buildActionMask = 2147483647;
			files = (
				6542B68C1B2B471200D12CAE /* main.cpp in Sources */,
				4E105C461B2BE0DB00CE8C00 /* RgbImage.cpp in Sources */,
			);
			runOnlyForDeploymentPostprocessing = 0;
		};
/* End PBXSourcesBuildPhase section */

/* Begin XCBuildConfiguration section */
		6542B68D1B2B471200D12CAE /* Debug */ = {
			isa = XCBuildConfiguration;
			buildSettings = {
				ALWAYS_SEARCH_USER_PATHS = NO;
				CLANG_CXX_LANGUAGE_STANDARD = "gnu++0x";
				CLANG_CXX_LIBRARY = "libc++";
				CLANG_ENABLE_MODULES = YES;
				CLANG_ENABLE_OBJC_ARC = YES;
				CLANG_WARN_BOOL_CONVERSION = YES;
				CLANG_WARN_CONSTANT_CONVERSION = YES;
				CLANG_WARN_DIRECT_OBJC_ISA_USAGE = YES_ERROR;
				CLANG_WARN_EMPTY_BODY = YES;
				CLANG_WARN_ENUM_CONVERSION = YES;
				CLANG_WARN_INT_CONVERSION = YES;
				CLANG_WARN_OBJC_ROOT_CLASS = YES_ERROR;
				CLANG_WARN_UNREACHABLE_CODE = YES;
				CLANG_WARN__DUPLICATE_METHOD_MATCH = YES;
				COPY_PHASE_STRIP = NO;
				DEBUG_INFORMATION_FORMAT = dwarf;
				ENABLE_STRICT_OBJC_MSGSEND = YES;
				GCC_C_LANGUAGE_STANDARD = gnu99;
				GCC_DYNAMIC_NO_PIC = NO;
				GCC_NO_COMMON_BLOCKS = YES;
				GCC_OPTIMIZATION_LEVEL = 0;
				GCC_PREPROCESSOR_DEFINITIONS = (
					"DEBUG=1",
					"$(inherited)",
				);
				GCC_SYMBOLS_PRIVATE_EXTERN = NO;
				GCC_WARN_64_TO_32_BIT_CONVERSION = YES;
				GCC_WARN_ABOUT_RETURN_TYPE = YES_ERROR;
				GCC_WARN_UNDECLARED_SELECTOR = YES;
				GCC_WARN_UNINITIALIZED_AUTOS = YES_AGGRESSIVE;
				GCC_WARN_UNUSED_FUNCTION = YES;
				GCC_WARN_UNUSED_VARIABLE = YES;
				MACOSX_DEPLOYMENT_TARGET = 10.10;
				MTL_ENABLE_DEBUG_INFO = YES;
				ONLY_ACTIVE_ARCH = YES;
				SDKROOT = macosx;
			};
			name = Debug;
		};
		6542B68E1B2B471200D12CAE /* Release */ = {
			isa = XCBuildConfiguration;
			buildSettings = {
				ALWAYS_SEARCH_USER_PATHS = NO;
				CLANG_CXX_LANGUAGE_STANDARD = "gnu++0x";
				CLANG_CXX_LIBRARY = "libc++";
				CLANG_ENABLE_MODULES = YES;
				CLANG_ENABLE_OBJC_ARC = YES;
				CLANG_WARN_BOOL_CONVERSION = YES;
				CLANG_WARN_CONSTANT_CONVERSION = YES;
				CLANG_WARN_DIRECT_OBJC_ISA_USAGE = YES_ERROR;
				CLANG_WARN_EMPTY_BODY = YES;
				CLANG_WARN_ENUM_CONVERSION = YES;
				CLANG_WARN_INT_CONVERSION = YES;
				CLANG_WARN_OBJC_ROOT_CLASS = YES_ERROR;
				CLANG_WARN_UNREACHABLE_CODE = YES;
				CLANG_WARN__DUPLICATE_METHOD_MATCH = YES;
				COPY_PHASE_STRIP = NO;
				DEBUG_INFORMATION_FORMAT = "dwarf-with-dsym";
				ENABLE_NS_ASSERTIONS = NO;
				ENABLE_STRICT_OBJC_MSGSEND = YES;
				GCC_C_LANGUAGE_STANDARD = gnu99;
				GCC_NO_COMMON_BLOCKS = YES;
				GCC_WARN_64_TO_32_BIT_CONVERSION = YES;
				GCC_WARN_ABOUT_RETURN_TYPE = YES_ERROR;
				GCC_WARN_UNDECLARED_SELECTOR = YES;
				GCC_WARN_UNINITIALIZED_AUTOS = YES_AGGRESSIVE;
				GCC_WARN_UNUSED_FUNCTION = YES;
				GCC_WARN_UNUSED_VARIABLE = YES;
				MACOSX_DEPLOYMENT_TARGET = 10.10;
				MTL_ENABLE_DEBUG_INFO = NO;
				SDKROOT = macosx;
			};
			name = Release;
		};
		6542B6901B2B471200D12CAE /* Debug */ = {
			isa = XCBuildConfiguration;
			buildSettings = {
				PRODUCT_NAME = "$(TARGET_NAME)";
			};
			name = Debug;
		};
		6542B6911B2B471200D12CAE /* Release */ = {
			isa = XCBuildConfiguration;
			buildSettings = {
				PRODUCT_NAME = "$(TARGET_NAME)";
			};
			name = Release;
		};
/* End XCBuildConfiguration section */

/* Begin XCConfigurationList section */
		6542B6831B2B471100D12CAE /* Build configuration list for PBXProject "CG_PROJ_FINAL" */ = {
			isa = XCConfigurationList;
			buildConfigurations = (
				6542B68D1B2B471200D12CAE /* Debug */,
				6542B68E1B2B471200D12CAE /* Release */,
			);
			defaultConfigurationIsVisible = 0;
			defaultConfigurationName = Release;
		};
		6542B68F1B2B471200D12CAE /* Build configuration list for PBXNativeTarget "CG_PROJ_FINAL" */ = {
			isa = XCConfigurationList;
			buildConfigurations = (
				6542B6901B2B471200D12CAE /* Debug */,
				6542B6911B2B471200D12CAE /* Release */,
			);
			defaultConfigurationIsVisible = 0;
			defaultConfigurationName = Release;
		};
/* End XCConfigurationList section */
	};
	rootObject = 6542B6801B2B471100D12CAE /* Project object */;
}
